<?xml version="1.0" encoding="utf-8"?>
<Project ToolsVersion="4.0" xmlns="http://schemas.microsoft.com/developer/msbuild/2003">
  <ItemGroup>
    <ClCompile Include="GameObject.cpp" />
    <ClCompile Include="game_state.cpp" />
    <ClCompile Include="jsoncpp.cpp" />
    <ClCompile Include="LevelImporter.cpp" />
    <ClCompile Include="Main.cpp" />
    <ClCompile Include="Object_Manager.cpp" />
    <ClCompile Include="stdafx.cpp" />
    <ClCompile Include="test_state.cpp" />
  </ItemGroup>
  <ItemGroup>
    <ClInclude Include="GameObject.h" />
    <ClInclude Include="game_state.h" />
    <ClInclude Include="LevelImporter.h" />
    <ClInclude Include="resource.h" />
    <ClInclude Include="resource1.h" />
    <ClInclude Include="stdafx.h" />
    <ClInclude Include="targetver.h" />
    <ClInclude Include="test_state.h" />
  </ItemGroup>
  <ItemGroup>
    <Image Include="Resources\menuHtml\images\bg.png" />
    <Image Include="Resources\menuHtml\images\border.png" />
    <Image Include="Resources\menuHtml\images\cat.png" />
    <Image Include="Resources\menuHtml\images\menuBorder.png" />
  </ItemGroup>
  <ItemGroup>
    <Font Include="Resources\menuHtml\font\moonhouse.ttf" />
  </ItemGroup>
  <ItemGroup>
    <None Include="Resources\menuHtml\menu.html" />
    <None Include="Resources\levels\Level_New.json" />
  </ItemGroup>
  <ItemGroup>
    <Text Include="ReadMe.txt" />
  </ItemGroup>
</Project>